
Microsoft Visual Studio Solution File, Format Version 12.00
# Visual Studio Version 17
VisualStudioVersion = 17.14.37516.0
MinimumVisualStudioVersion = 10.0.40219.1
Project("{FAE04EC0-301F-11D3-BF4B-00C04F79EFBC}") = "Ch03_P14", "Ch03_P14\Ch03_P14.csproj", "{5E847743-B0F8-4C29-B754-681AF8309B13}"
EndProject
Project("{FAE04EC0-301F-11D3-BF4B-00C04F79EFBC}") = "Ch03_P15", "Ch03_P15\Ch03_P15.csproj", "{0370ED4A-8139-4B78-B7BE-763A1F9AC8F8}"
EndProject
Project("{FAE04EC0-301F-11D3-BF4B-00C04F79EFBC}") = "Ch03_P18", "Ch03_P18\Ch03_P18.csproj", "{6ACF375B-3FC5-4FE3-B5F0-D6A43873D768}"
EndProject
Project("{FAE04EC0-301F-11D3-BF4B-00C04F79EFBC}") = "Ch04_P21", "Ch04_P21\Ch04_P21.csproj", "{B7FF480C-0071-43CF-90C4-15DC385BDCB8}"
EndProject
Project("{FAE04EC0-301F-11D3-BF4B-00C04F79EFBC}") = "Ch05_P28", "Ch05_P28\Ch05_P28.csproj", "{F3F20D1A-3648-4A0D-A5AE-04DAC4C8863D}"
EndProject
Project("{FAE04EC0-301F-11D3-BF4B-00C04F79EFBC}") = "Ch06_P37", "Ch06_P37\Ch06_P37.csproj", "{AE3472C2-2E5A-4528-94EA-F2B536D8125C}"
EndProject
Project("{FAE04EC0-301F-11D3-BF4B-00C04F79EFBC}") = "Ch07_P44", "Ch07_P44\Ch07_P44.csproj", "{2B20C37D-7047-4EE0-8011-53C5A7754563}"
EndProject
Project("{FAE04EC0-301F-11D3-BF4B-00C04F79EFBC}") = "Ch07_P45", "Ch07_P45\Ch07_P45.csproj", "{F4ADE457-0CD9-4800-AA1D-71513E13DFD9}"
EndProject
Project("{FAE04EC0-301F-11D3-BF4B-00C04F79EFBC}") = "Ch08_P49", "Ch08_P49\Ch08_P49.csproj", "{C3632E83-539E-496A-B33C-E8924DB1BEB1}"
EndProject
Project("{FAE04EC0-301F-11D3-BF4B-00C04F79EFBC}") = "Ch09_P56", "Ch09_P56\Ch09_P56.csproj", "{226EF6BB-0673-4177-9B4E-FBED808769D1}"
EndProject
Project("{FAE04EC0-301F-11D3-BF4B-00C04F79EFBC}") = "Ch10_P65", "Ch10_P65\Ch10_P65.csproj", "{EAFD2EAD-F2F8-44E3-AEF3-AD404C402617}"
EndProject
Project("{FAE04EC0-301F-11D3-BF4B-00C04F79EFBC}") = "Ch10_P67", "Ch10_P67\Ch10_P67.csproj", "{4E07E5BB-4AE6-42B0-9109-B9BA23A5780B}"
EndProject
Project("{FAE04EC0-301F-11D3-BF4B-00C04F79EFBC}") = "Ch11_P70", "Ch11_P70\Ch11_P70.csproj", "{EAAFFF96-9DD1-407D-907A-C6DBCAC14909}"
EndProject
Project("{FAE04EC0-301F-11D3-BF4B-00C04F79EFBC}") = "Ch12_P76_01", "Ch12_P76_01\Ch12_P76_01.csproj", "{F2A2E844-A3CC-4C48-9D80-9BAA6D021B36}"
EndProject
Project("{FAE04EC0-301F-11D3-BF4B-00C04F79EFBC}") = "Ch12_P76_02", "Ch12_P76_02\Ch12_P76_02.csproj", "{B33FBABA-E625-4C38-96FC-830EB440A3A5}"
EndProject
Project("{FAE04EC0-301F-11D3-BF4B-00C04F79EFBC}") = "Ch13_P80", "Ch13_P80\Ch13_P80.csproj", "{1F50BDC8-9975-4BFF-8B93-BE9619F6DEFC}"
EndProject
Project("{FAE04EC0-301F-11D3-BF4B-00C04F79EFBC}") = "Ch13_P82", "Ch13_P82\Ch13_P82.csproj", "{EE94DC3D-381E-4E1A-BC3C-8782C805B777}"
EndProject
Project("{FAE04EC0-301F-11D3-BF4B-00C04F79EFBC}") = "Ch14_P85", "Ch14_P85\Ch14_P85.csproj", "{18A1A814-1B09-49CD-B520-73751213E0BB}"
EndProject
Project("{FAE04EC0-301F-11D3-BF4B-00C04F79EFBC}") = "Ch15_P92", "Ch15_P92\Ch15_P92.csproj", "{A47E24FF-D5FB-47D5-BBA6-9C3E6E173D7F}"
EndProject
Project("{FAE04EC0-301F-11D3-BF4B-00C04F79EFBC}") = "Ch15_P96", "Ch15_P96\Ch15_P96.csproj", "{B66E391A-2A90-4485-90A8-316AE2A26F77}"
EndProject
Project("{FAE04EC0-301F-11D3-BF4B-00C04F79EFBC}") = "Ch17_P110", "Ch17_P110\Ch17_P110.csproj", "{296EC0D1-380B-41EF-85E9-B366F61CC592}"
EndProject
Project("{FAE04EC0-301F-11D3-BF4B-00C04F79EFBC}") = "Ch18_Book", "Ch18_Book\Ch18_Book.csproj", "{C0650238-A5FF-48EB-AE55-630B06860039}"
EndProject
Project("{FAE04EC0-301F-11D3-BF4B-00C04F79EFBC}") = "Ch18_P123", "Ch18_P123\Ch18_P123.csproj", "{A4093F01-5173-40AC-B053-3CBE23E5ACDB}"
EndProject
Project("{FAE04EC0-301F-11D3-BF4B-00C04F79EFBC}") = "week1_hw2", "week1_hw2\week1_hw2.csproj", "{F580F7CA-D3D8-4181-952B-6C717F4C38DF}"
EndProject
Global
	GlobalSection(SolutionConfigurationPlatforms) = preSolution
		Debug|Any CPU = Debug|Any CPU
		Release|Any CPU = Release|Any CPU
	EndGlobalSection
	GlobalSection(ProjectConfigurationPlatforms) = postSolution
		{5E847743-B0F8-4C29-B754-681AF8309B13}.Debug|Any CPU.ActiveCfg = Debug|Any CPU
		{5E847743-B0F8-4C29-B754-681AF8309B13}.Debug|Any CPU.Build.0 = Debug|Any CPU
		{5E847743-B0F8-4C29-B754-681AF8309B13}.Release|Any CPU.ActiveCfg = Release|Any CPU
		{5E847743-B0F8-4C29-B754-681AF8309B13}.Release|Any CPU.Build.0 = Release|Any CPU
		{0370ED4A-8139-4B78-B7BE-763A1F9AC8F8}.Debug|Any CPU.ActiveCfg = Debug|Any CPU
		{0370ED4A-8139-4B78-B7BE-763A1F9AC8F8}.Debug|Any CPU.Build.0 = Debug|Any CPU
		{0370ED4A-8139-4B78-B7BE-763A1F9AC8F8}.Release|Any CPU.ActiveCfg = Release|Any CPU
		{0370ED4A-8139-4B78-B7BE-763A1F9AC8F8}.Release|Any CPU.Build.0 = Release|Any CPU
		{6ACF375B-3FC5-4FE3-B5F0-D6A43873D768}.Debug|Any CPU.ActiveCfg = Debug|Any CPU
		{6ACF375B-3FC5-4FE3-B5F0-D6A43873D768}.Debug|Any CPU.Build.0 = Debug|Any CPU
		{6ACF375B-3FC5-4FE3-B5F0-D6A43873D768}.Release|Any CPU.ActiveCfg = Release|Any CPU
		{6ACF375B-3FC5-4FE3-B5F0-D6A43873D768}.Release|Any CPU.Build.0 = Release|Any CPU
		{B7FF480C-0071-43CF-90C4-15DC385BDCB8}.Debug|Any CPU.ActiveCfg = Debug|Any CPU
		{B7FF480C-0071-43CF-90C4-15DC385BDCB8}.Debug|Any CPU.Build.0 = Debug|Any CPU
		{B7FF480C-0071-43CF-90C4-15DC385BDCB8}.Release|Any CPU.ActiveCfg = Release|Any CPU
		{B7FF480C-0071-43CF-90C4-15DC385BDCB8}.Release|Any CPU.Build.0 = Release|Any CPU
		{F3F20D1A-3648-4A0D-A5AE-04DAC4C8863D}.Debug|Any CPU.ActiveCfg = Debug|Any CPU
		{F3F20D1A-3648-4A0D-A5AE-04DAC4C8863D}.Debug|Any CPU.Build.0 = Debug|Any CPU
		{F3F20D1A-3648-4A0D-A5AE-04DAC4C8863D}.Release|Any CPU.ActiveCfg = Release|Any CPU
		{F3F20D1A-3648-4A0D-A5AE-04DAC4C8863D}.Release|Any CPU.Build.0 = Release|Any CPU
		{AE3472C2-2E5A-4528-94EA-F2B536D8125C}.Debug|Any CPU.ActiveCfg = Debug|Any CPU
		{AE3472C2-2E5A-4528-94EA-F2B536D8125C}.Debug|Any CPU.Build.0 = Debug|Any CPU
		{AE3472C2-2E5A-4528-94EA-F2B536D8125C}.Release|Any CPU.ActiveCfg = Release|Any CPU
		{AE3472C2-2E5A-4528-94EA-F2B536D8125C}.Release|Any CPU.Build.0 = Release|Any CPU
		{2B20C37D-7047-4EE0-8011-53C5A7754563}.Debug|Any CPU.ActiveCfg = Debug|Any CPU
		{2B20C37D-7047-4EE0-8011-53C5A7754563}.Debug|Any CPU.Build.0 = Debug|Any CPU
		{2B20C37D-7047-4EE0-8011-53C5A7754563}.Release|Any CPU.ActiveCfg = Release|Any CPU
		{2B20C37D-7047-4EE0-8011-53C5A7754563}.Release|Any CPU.Build.0 = Release|Any CPU
		{F4ADE457-0CD9-4800-AA1D-71513E13DFD9}.Debug|Any CPU.ActiveCfg = Debug|Any CPU
		{F4ADE457-0CD9-4800-AA1D-71513E13DFD9}.Debug|Any CPU.Build.0 = Debug|Any CPU
		{F4ADE457-0CD9-4800-AA1D-71513E13DFD9}.Release|Any CPU.ActiveCfg = Release|Any CPU
		{F4ADE457-0CD9-4800-AA1D-71513E13DFD9}.Release|Any CPU.Build.0 = Release|Any CPU
		{C3632E83-539E-496A-B33C-E8924DB1BEB1}.Debug|Any CPU.ActiveCfg = Debug|Any CPU
		{C3632E83-539E-496A-B33C-E8924DB1BEB1}.Debug|Any CPU.Build.0 = Debug|Any CPU
		{C3632E83-539E-496A-B33C-E8924DB1BEB1}.Release|Any CPU.ActiveCfg = Release|Any CPU
		{C3632E83-539E-496A-B33C-E8924DB1BEB1}.Release|Any CPU.Build.0 = Release|Any CPU
		{226EF6BB-0673-4177-9B4E-FBED808769D1}.Debug|Any CPU.ActiveCfg = Debug|Any CPU
		{226EF6BB-0673-4177-9B4E-FBED808769D1}.Debug|Any CPU.Build.0 = Debug|Any CPU
		{226EF6BB-0673-4177-9B4E-FBED808769D1}.Release|Any CPU.ActiveCfg = Release|Any CPU
		{226EF6BB-0673-4177-9B4E-FBED808769D1}.Release|Any CPU.Build.0 = Release|Any CPU
		{EAFD2EAD-F2F8-44E3-AEF3-AD404C402617}.Debug|Any CPU.ActiveCfg = Debug|Any CPU
		{EAFD2EAD-F2F8-44E3-AEF3-AD404C402617}.Debug|Any CPU.Build.0 = Debug|Any CPU
		{EAFD2EAD-F2F8-44E3-AEF3-AD404C402617}.Release|Any CPU.ActiveCfg = Release|Any CPU
		{EAFD2EAD-F2F8-44E3-AEF3-AD404C402617}.Release|Any CPU.Build.0 = Release|Any CPU
		{4E07E5BB-4AE6-42B0-9109-B9BA23A5780B}.Debug|Any CPU.ActiveCfg = Debug|Any CPU
		{4E07E5BB-4AE6-42B0-9109-B9BA23A5780B}.Debug|Any CPU.Build.0 = Debug|Any CPU
		{4E07E5BB-4AE6-42B0-9109-B9BA23A5780B}.Release|Any CPU.ActiveCfg = Release|Any CPU
		{4E07E5BB-4AE6-42B0-9109-B9BA23A5780B}.Release|Any CPU.Build.0 = Release|Any CPU
		{EAAFFF96-9DD1-407D-907A-C6DBCAC14909}.Debug|Any CPU.ActiveCfg = Debug|Any CPU
		{EAAFFF96-9DD1-407D-907A-C6DBCAC14909}.Debug|Any CPU.Build.0 = Debug|Any CPU
		{EAAFFF96-9DD1-407D-907A-C6DBCAC14909}.Release|Any CPU.ActiveCfg = Release|Any CPU
		{EAAFFF96-9DD1-407D-907A-C6DBCAC14909}.Release|Any CPU.Build.0 = Release|Any CPU
		{F2A2E844-A3CC-4C48-9D80-9BAA6D021B36}.Debug|Any CPU.ActiveCfg = Debug|Any CPU
		{F2A2E844-A3CC-4C48-9D80-9BAA6D021B36}.Debug|Any CPU.Build.0 = Debug|Any CPU
		{F2A2E844-A3CC-4C48-9D80-9BAA6D021B36}.Release|Any CPU.ActiveCfg = Release|Any CPU
		{F2A2E844-A3CC-4C48-9D80-9BAA6D021B36}.Release|Any CPU.Build.0 = Release|Any CPU
		{B33FBABA-E625-4C38-96FC-830EB440A3A5}.Debug|Any CPU.ActiveCfg = Debug|Any CPU
		{B33FBABA-E625-4C38-96FC-830EB440A3A5}.Debug|Any CPU.Build.0 = Debug|Any CPU
		{B33FBABA-E625-4C38-96FC-830EB440A3A5}.Release|Any CPU.ActiveCfg = Release|Any CPU
		{B33FBABA-E625-4C38-96FC-830EB440A3A5}.Release|Any CPU.Build.0 = Release|Any CPU
		{1F50BDC8-9975-4BFF-8B93-BE9619F6DEFC}.Debug|Any CPU.ActiveCfg = Debug|Any CPU
		{1F50BDC8-9975-4BFF-8B93-BE9619F6DEFC}.Debug|Any CPU.Build.0 = Debug|Any CPU
		{1F50BDC8-9975-4BFF-8B93-BE9619F6DEFC}.Release|Any CPU.ActiveCfg = Release|Any CPU
		{1F50BDC8-9975-4BFF-8B93-BE9619F6DEFC}.Release|Any CPU.Build.0 = Release|Any CPU
		{EE94DC3D-381E-4E1A-BC3C-8782C805B777}.Debug|Any CPU.ActiveCfg = Debug|Any CPU
		{EE94DC3D-381E-4E1A-BC3C-8782C805B777}.Debug|Any CPU.Build.0 = Debug|Any CPU
		{EE94DC3D-381E-4E1A-BC3C-8782C805B777}.Release|Any CPU.ActiveCfg = Release|Any CPU
		{EE94DC3D-381E-4E1A-BC3C-8782C805B777}.Release|Any CPU.Build.0 = Release|Any CPU
		{18A1A814-1B09-49CD-B520-73751213E0BB}.Debug|Any CPU.ActiveCfg = Debug|Any CPU
		{18A1A814-1B09-49CD-B520-73751213E0BB}.Debug|Any CPU.Build.0 = Debug|Any CPU
		{18A1A814-1B09-49CD-B520-73751213E0BB}.Release|Any CPU.ActiveCfg = Release|Any CPU
		{18A1A814-1B09-49CD-B520-73751213E0BB}.Release|Any CPU.Build.0 = Release|Any CPU
		{A47E24FF-D5FB-47D5-BBA6-9C3E6E173D7F}.Debug|Any CPU.ActiveCfg = Debug|Any CPU
		{A47E24FF-D5FB-47D5-BBA6-9C3E6E173D7F}.Debug|Any CPU.Build.0 = Debug|Any CPU
		{A47E24FF-D5FB-47D5-BBA6-9C3E6E173D7F}.Release|Any CPU.ActiveCfg = Release|Any CPU
		{A47E24FF-D5FB-47D5-BBA6-9C3E6E173D7F}.Release|Any CPU.Build.0 = Release|Any CPU
		{B66E391A-2A90-4485-90A8-316AE2A26F77}.Debug|Any CPU.ActiveCfg = Debug|Any CPU
		{B66E391A-2A90-4485-90A8-316AE2A26F77}.Debug|Any CPU.Build.0 = Debug|Any CPU
		{B66E391A-2A90-4485-90A8-316AE2A26F77}.Release|Any CPU.ActiveCfg = Release|Any CPU
		{B66E391A-2A90-4485-90A8-316AE2A26F77}.Release|Any CPU.Build.0 = Release|Any CPU
		{296EC0D1-380B-41EF-85E9-B366F61CC592}.Debug|Any CPU.ActiveCfg = Debug|Any CPU
		{296EC0D1-380B-41EF-85E9-B366F61CC592}.Debug|Any CPU.Build.0 = Debug|Any CPU
		{296EC0D1-380B-41EF-85E9-B366F61CC592}.Release|Any CPU.ActiveCfg = Release|Any CPU
		{296EC0D1-380B-41EF-85E9-B366F61CC592}.Release|Any CPU.Build.0 = Release|Any CPU
		{C0650238-A5FF-48EB-AE55-630B06860039}.Debug|Any CPU.ActiveCfg = Debug|Any CPU
		{C0650238-A5FF-48EB-AE55-630B06860039}.Debug|Any CPU.Build.0 = Debug|Any CPU
		{C0650238-A5FF-48EB-AE55-630B06860039}.Release|Any CPU.ActiveCfg = Release|Any CPU
		{C0650238-A5FF-48EB-AE55-630B06860039}.Release|Any CPU.Build.0 = Release|Any CPU
		{A4093F01-5173-40AC-B053-3CBE23E5ACDB}.Debug|Any CPU.ActiveCfg = Debug|Any CPU
		{A4093F01-5173-40AC-B053-3CBE23E5ACDB}.Debug|Any CPU.Build.0 = Debug|Any CPU
		{A4093F01-5173-40AC-B053-3CBE23E5ACDB}.Release|Any CPU.ActiveCfg = Release|Any CPU
		{A4093F01-5173-40AC-B053-3CBE23E5ACDB}.Release|Any CPU.Build.0 = Release|Any CPU
		{F580F7CA-D3D8-4181-952B-6C717F4C38DF}.Debug|Any CPU.ActiveCfg = Debug|Any CPU
		{F580F7CA-D3D8-4181-952B-6C717F4C38DF}.Debug|Any CPU.Build.0 = Debug|Any CPU
		{F580F7CA-D3D8-4181-952B-6C717F4C38DF}.Release|Any CPU.ActiveCfg = Release|Any CPU
		{F580F7CA-D3D8-4181-952B-6C717F4C38DF}.Release|Any CPU.Build.0 = Release|Any CPU
	EndGlobalSection
	GlobalSection(SolutionProperties) = preSolution
		HideSolutionNode = FALSE
	EndGlobalSection
	GlobalSection(ExtensibilityGlobals) = postSolution
		SolutionGuid = {02028227-6A31-4947-BBB1-6A187A2E139B}
	EndGlobalSection
EndGlobal
